
Microsoft Visual Studio Solution File, Format Version 12.00
# Visual Studio Version 17
VisualStudioVersion = 17.11.35431.28
MinimumVisualStudioVersion = 10.0.40219.1
Project("{9A19103F-16F7-4668-BE54-9A1E7A4F7556}") = "ApiNotificacoesPush", "ApiNotificacoesPush.csproj", "{FEE6FCDA-143D-4C7F-B8E6-34C3003DC04B}"
EndProject
Global
	GlobalSection(SolutionConfigurationPlatforms) = preSolution
		Debug|Any CPU = Debug|Any CPU
		Release|Any CPU = Release|Any CPU
	EndGlobalSection
	GlobalSection(ProjectConfigurationPlatforms) = postSolution
		{FEE6FCDA-143D-4C7F-B8E6-34C3003DC04B}.Debug|Any CPU.ActiveCfg = Debug|Any CPU
		{FEE6FCDA-143D-4C7F-B8E6-34C3003DC04B}.Debug|Any CPU.Build.0 = Debug|Any CPU
		{FEE6FCDA-143D-4C7F-B8E6-34C3003DC04B}.Release|Any CPU.ActiveCfg = Release|Any CPU
		{FEE6FCDA-143D-4C7F-B8E6-34C3003DC04B}.Release|Any CPU.Build.0 = Release|Any CPU
	EndGlobalSection
	GlobalSection(SolutionProperties) = preSolution
		HideSolutionNode = FALSE
	EndGlobalSection
	GlobalSection(ExtensibilityGlobals) = postSolution
		SolutionGuid = {17380A42-8248-4C3F-859A-D69AB71FEC02}
	EndGlobalSection
EndGlobal
